
Microsoft Visual Studio Solution File, Format Version 12.00
# Visual Studio Version 17
VisualStudioVersion = 17.6.33712.159
MinimumVisualStudioVersion = 10.0.40219.1
Project("{9A19103F-16F7-4668-BE54-9A1E7A4F7556}") = "UzenetKuldo", "UzenetKuldo\UzenetKuldo.csproj", "{B9AE7E55-AD82-49F2-BD9F-4AF74F2FB441}"
EndProject
Global
	GlobalSection(SolutionConfigurationPlatforms) = preSolution
		Debug|Any CPU = Debug|Any CPU
		Release|Any CPU = Release|Any CPU
	EndGlobalSection
	GlobalSection(ProjectConfigurationPlatforms) = postSolution
		{B9AE7E55-AD82-49F2-BD9F-4AF74F2FB441}.Debug|Any CPU.ActiveCfg = Debug|Any CPU
		{B9AE7E55-AD82-49F2-BD9F-4AF74F2FB441}.Debug|Any CPU.Build.0 = Debug|Any CPU
		{B9AE7E55-AD82-49F2-BD9F-4AF74F2FB441}.Release|Any CPU.ActiveCfg = Release|Any CPU
		{B9AE7E55-AD82-49F2-BD9F-4AF74F2FB441}.Release|Any CPU.Build.0 = Release|Any CPU
	EndGlobalSection
	GlobalSection(SolutionProperties) = preSolution
		HideSolutionNode = FALSE
	EndGlobalSection
	GlobalSection(ExtensibilityGlobals) = postSolution
		SolutionGuid = {0ABB257F-B3B5-4209-97F4-7F582934ABAF}
	EndGlobalSection
EndGlobal
